// !$*UTF8*$!
{
	archiveVersion = 1;
	classes = {
	};
	objectVersion = 46;
	objects = {

/* Begin PBXBuildFile section */
		445235651BAE9A140075FFDD /* AppDelegate.swift in Sources */ = {isa = PBXBuildFile; fileRef = 445235641BAE9A140075FFDD /* AppDelegate.swift */; };
		445235671BAE9A140075FFDD /* ViewController.swift in Sources */ = {isa = PBXBuildFile; fileRef = 445235661BAE9A140075FFDD /* ViewController.swift */; };
		4452356A1BAE9A140075FFDD /* Main.storyboard in Resources */ = {isa = PBXBuildFile; fileRef = 445235681BAE9A140075FFDD /* Main.storyboard */; };
		4452356C1BAE9A140075FFDD /* Assets.xcassets in Resources */ = {isa = PBXBuildFile; fileRef = 4452356B1BAE9A140075FFDD /* Assets.xcassets */; };
		4452356F1BAE9A140075FFDD /* LaunchScreen.storyboard in Resources */ = {isa = PBXBuildFile; fileRef = 4452356D1BAE9A140075FFDD /* LaunchScreen.storyboard */; };
		4452357A1BAE9A140075FFDD /* NBCountViewTests.swift in Sources */ = {isa = PBXBuildFile; fileRef = 445235791BAE9A140075FFDD /* NBCountViewTests.swift */; };
		445235851BAE9A140075FFDD /* NBCountViewUITests.swift in Sources */ = {isa = PBXBuildFile; fileRef = 445235841BAE9A140075FFDD /* NBCountViewUITests.swift */; };
		445235961BAE9AA50075FFDD /* NBCountView.swift in Sources */ = {isa = PBXBuildFile; fileRef = 445235951BAE9AA50075FFDD /* NBCountView.swift */; };
/* End PBXBuildFile section */

/* Begin PBXContainerItemProxy section */
		445235761BAE9A140075FFDD /* PBXContainerItemProxy */ = {
			isa = PBXContainerItemProxy;
			containerPortal = 445235591BAE9A140075FFDD /* Project object */;
			proxyType = 1;
			remoteGlobalIDString = 445235601BAE9A140075FFDD;
			remoteInfo = NBCountView;
		};
		445235811BAE9A140075FFDD /* PBXContainerItemProxy */ = {
			isa = PBXContainerItemProxy;
			containerPortal = 445235591BAE9A140075FFDD /* Project object */;
			proxyType = 1;
			remoteGlobalIDString = 445235601BAE9A140075FFDD;
			remoteInfo = NBCountView;
		};
/* End PBXContainerItemProxy section */

/* Begin PBXFileReference section */
		445235611BAE9A140075FFDD /* NBCountView.app */ = {isa = PBXFileReference; explicitFileType = wrapper.application; includeInIndex = 0; path = NBCountView.app; sourceTree = BUILT_PRODUCTS_DIR; };
		445235641BAE9A140075FFDD /* AppDelegate.swift */ = {isa = PBXFileReference; lastKnownFileType = sourcecode.swift; path = AppDelegate.swift; sourceTree = "<group>"; };
		445235661BAE9A140075FFDD /* ViewController.swift */ = {isa = PBXFileReference; lastKnownFileType = sourcecode.swift; path = ViewController.swift; sourceTree = "<group>"; };
		445235691BAE9A140075FFDD /* Base */ = {isa = PBXFileReference; lastKnownFileType = file.storyboard; name = Base; path = Base.lproj/Main.storyboard; sourceTree = "<group>"; };
		4452356B1BAE9A140075FFDD /* Assets.xcassets */ = {isa = PBXFileReference; lastKnownFileType = folder.assetcatalog; path = Assets.xcassets; sourceTree = "<group>"; };
		4452356E1BAE9A140075FFDD /* Base */ = {isa = PBXFileReference; lastKnownFileType = file.storyboard; name = Base; path = Base.lproj/LaunchScreen.storyboard; sourceTree = "<group>"; };
		445235701BAE9A140075FFDD /* Info.plist */ = {isa = PBXFileReference; lastKnownFileType = text.plist.xml; path = Info.plist; sourceTree = "<group>"; };
		445235751BAE9A140075FFDD /* NBCountViewTests.xctest */ = {isa = PBXFileReference; explicitFileType = wrapper.cfbundle; includeInIndex = 0; path = NBCountViewTests.xctest; sourceTree = BUILT_PRODUCTS_DIR; };
		445235791BAE9A140075FFDD /* NBCountViewTests.swift */ = {isa = PBXFileReference; lastKnownFileType = sourcecode.swift; path = NBCountViewTests.swift; sourceTree = "<group>"; };
		4452357B1BAE9A140075FFDD /* Info.plist */ = {isa = PBXFileReference; lastKnownFileType = text.plist.xml; path = Info.plist; sourceTree = "<group>"; };
		445235801BAE9A140075FFDD /* NBCountViewUITests.xctest */ = {isa = PBXFileReference; explicitFileType = wrapper.cfbundle; includeInIndex = 0; path = NBCountViewUITests.xctest; sourceTree = BUILT_PRODUCTS_DIR; };
		445235841BAE9A140075FFDD /* NBCountViewUITests.swift */ = {isa = PBXFileReference; lastKnownFileType = sourcecode.swift; path = NBCountViewUITests.swift; sourceTree = "<group>"; };
		445235861BAE9A140075FFDD /* Info.plist */ = {isa = PBXFileReference; lastKnownFileType = text.plist.xml; path = Info.plist; sourceTree = "<group>"; };
		445235951BAE9AA50075FFDD /* NBCountView.swift */ = {isa = PBXFileReference; fileEncoding = 4; lastKnownFileType = sourcecode.swift; name = NBCountView.swift; path = Views/NBCountView.swift; sourceTree = "<group>"; };
/* End PBXFileReference section */

/* Begin PBXFrameworksBuildPhase section */
		4452355E1BAE9A140075FFDD /* Frameworks */ = {
			isa = PBXFrameworksBuildPhase;
			buildActionMask = 2147483647;
			files = (
			);
			runOnlyForDeploymentPostprocessing = 0;
		};
		445235721BAE9A140075FFDD /* Frameworks */ = {
			isa = PBXFrameworksBuildPhase;
			buildActionMask = 2147483647;
			files = (
			);
			runOnlyForDeploymentPostprocessing = 0;
		};
		4452357D1BAE9A140075FFDD /* Frameworks */ = {
			isa = PBXFrameworksBuildPhase;
			buildActionMask = 2147483647;
			files = (
			);
			runOnlyForDeploymentPostprocessing = 0;
		};
/* End PBXFrameworksBuildPhase section */

/* Begin PBXGroup section */
		445235581BAE9A140075FFDD = {
			isa = PBXGroup;
			children = (
				445235631BAE9A140075FFDD /* NBCountView */,
				445235781BAE9A140075FFDD /* NBCountViewTests */,
				445235831BAE9A140075FFDD /* NBCountViewUITests */,
				445235621BAE9A140075FFDD /* Products */,
			);
			sourceTree = "<group>";
		};
		445235621BAE9A140075FFDD /* Products */ = {
			isa = PBXGroup;
			children = (
				445235611BAE9A140075FFDD /* NBCountView.app */,
				445235751BAE9A140075FFDD /* NBCountViewTests.xctest */,
				445235801BAE9A140075FFDD /* NBCountViewUITests.xctest */,
			);
			name = Products;
			sourceTree = "<group>";
		};
		445235631BAE9A140075FFDD /* NBCountView */ = {
			isa = PBXGroup;
			children = (
				445235921BAE9A5E0075FFDD /* Views */,
				445235641BAE9A140075FFDD /* AppDelegate.swift */,
				445235661BAE9A140075FFDD /* ViewController.swift */,
				445235681BAE9A140075FFDD /* Main.storyboard */,
				4452356B1BAE9A140075FFDD /* Assets.xcassets */,
				4452356D1BAE9A140075FFDD /* LaunchScreen.storyboard */,
				445235701BAE9A140075FFDD /* Info.plist */,
			);
			path = NBCountView;
			sourceTree = "<group>";
		};
		445235781BAE9A140075FFDD /* NBCountViewTests */ = {
			isa = PBXGroup;
			children = (
				445235791BAE9A140075FFDD /* NBCountViewTests.swift */,
				4452357B1BAE9A140075FFDD /* Info.plist */,
			);
			path = NBCountViewTests;
			sourceTree = "<group>";
		};
		445235831BAE9A140075FFDD /* NBCountViewUITests */ = {
			isa = PBXGroup;
			children = (
				445235841BAE9A140075FFDD /* NBCountViewUITests.swift */,
				445235861BAE9A140075FFDD /* Info.plist */,
			);
			path = NBCountViewUITests;
			sourceTree = "<group>";
		};
		445235921BAE9A5E0075FFDD /* Views */ = {
			isa = PBXGroup;
			children = (
				445235951BAE9AA50075FFDD /* NBCountView.swift */,
			);
			name = Views;
			sourceTree = "<group>";
		};
/* End PBXGroup section */

/* Begin PBXNativeTarget section */
		445235601BAE9A140075FFDD /* NBCountView */ = {
			isa = PBXNativeTarget;
			buildConfigurationList = 445235891BAE9A140075FFDD /* Build configuration list for PBXNativeTarget "NBCountView" */;
			buildPhases = (
				4452355D1BAE9A140075FFDD /* Sources */,
				4452355E1BAE9A140075FFDD /* Frameworks */,
				4452355F1BAE9A140075FFDD /* Resources */,
			);
			buildRules = (
			);
			dependencies = (
			);
			name = NBCountView;
			productName = NBCountView;
			productReference = 445235611BAE9A140075FFDD /* NBCountView.app */;
			productType = "com.apple.product-type.application";
		};
		445235741BAE9A140075FFDD /* NBCountViewTests */ = {
			isa = PBXNativeTarget;
			buildConfigurationList = 4452358C1BAE9A140075FFDD /* Build configuration list for PBXNativeTarget "NBCountViewTests" */;
			buildPhases = (
				445235711BAE9A140075FFDD /* Sources */,
				445235721BAE9A140075FFDD /* Frameworks */,
				445235731BAE9A140075FFDD /* Resources */,
			);
			buildRules = (
			);
			dependencies = (
				445235771BAE9A140075FFDD /* PBXTargetDependency */,
			);
			name = NBCountViewTests;
			productName = NBCountViewTests;
			productReference = 445235751BAE9A140075FFDD /* NBCountViewTests.xctest */;
			productType = "com.apple.product-type.bundle.unit-test";
		};
		4452357F1BAE9A140075FFDD /* NBCountViewUITests */ = {
			isa = PBXNativeTarget;
			buildConfigurationList = 4452358F1BAE9A140075FFDD /* Build configuration list for PBXNativeTarget "NBCountViewUITests" */;
			buildPhases = (
				4452357C1BAE9A140075FFDD /* Sources */,
				4452357D1BAE9A140075FFDD /* Frameworks */,
				4452357E1BAE9A140075FFDD /* Resources */,
			);
			buildRules = (
			);
			dependencies = (
				445235821BAE9A140075FFDD /* PBXTargetDependency */,
			);
			name = NBCountViewUITests;
			productName = NBCountViewUITests;
			productReference = 445235801BAE9A140075FFDD /* NBCountViewUITests.xctest */;
			productType = "com.apple.product-type.bundle.ui-testing";
		};
/* End PBXNativeTarget section */

/* Begin PBXProject section */
		445235591BAE9A140075FFDD /* Project object */ = {
			isa = PBXProject;
			attributes = {
				LastUpgradeCheck = 0700;
				ORGANIZATIONNAME = NapoleonBai;
				TargetAttributes = {
					445235601BAE9A140075FFDD = {
						CreatedOnToolsVersion = 7.0;
						LastSwiftMigration = 0830;
					};
					445235741BAE9A140075FFDD = {
						CreatedOnToolsVersion = 7.0;
						LastSwiftMigration = 0830;
						TestTargetID = 445235601BAE9A140075FFDD;
					};
					4452357F1BAE9A140075FFDD = {
						CreatedOnToolsVersion = 7.0;
						LastSwiftMigration = 0830;
						TestTargetID = 445235601BAE9A140075FFDD;
					};
				};
			};
			buildConfigurationList = 4452355C1BAE9A140075FFDD /* Build configuration list for PBXProject "NBCountView" */;
			compatibilityVersion = "Xcode 3.2";
			developmentRegion = English;
			hasScannedForEncodings = 0;
			knownRegions = (
				en,
				Base,
			);
			mainGroup = 445235581BAE9A140075FFDD;
			productRefGroup = 445235621BAE9A140075FFDD /* Products */;
			projectDirPath = "";
			projectRoot = "";
			targets = (
				445235601BAE9A140075FFDD /* NBCountView */,
				445235741BAE9A140075FFDD /* NBCountViewTests */,
				4452357F1BAE9A140075FFDD /* NBCountViewUITests */,
			);
		};
/* End PBXProject section */

/* Begin PBXResourcesBuildPhase section */
		4452355F1BAE9A140075FFDD /* Resources */ = {
			isa = PBXResourcesBuildPhase;
			buildActionMask = 2147483647;
			files = (
				4452356F1BAE9A140075FFDD /* LaunchScreen.storyboard in Resources */,
				4452356C1BAE9A140075FFDD /* Assets.xcassets in Resources */,
				4452356A1BAE9A140075FFDD /* Main.storyboard in Resources */,
			);
			runOnlyForDeploymentPostprocessing = 0;
		};
		445235731BAE9A140075FFDD /* Resources */ = {
			isa = PBXResourcesBuildPhase;
			buildActionMask = 2147483647;
			files = (
			);
			runOnlyForDeploymentPostprocessing = 0;
		};
		4452357E1BAE9A140075FFDD /* Resources */ = {
			isa = PBXResourcesBuildPhase;
			buildActionMask = 2147483647;
			files = (
			);
			runOnlyForDeploymentPostprocessing = 0;
		};
/* End PBXResourcesBuildPhase section */

/* Begin PBXSourcesBuildPhase section */
		4452355D1BAE9A140075FFDD /* Sources */ = {
			isa = PBXSourcesBuildPhase;
			buildActionMask = 2147483647;
			files = (
				445235961BAE9AA50075FFDD /* NBCountView.swift in Sources */,
				445235671BAE9A140075FFDD /* ViewController.swift in Sources */,
				445235651BAE9A140075FFDD /* AppDelegate.swift in Sources */,
			);
			runOnlyForDeploymentPostprocessing = 0;
		};
		445235711BAE9A140075FFDD /* Sources */ = {
			isa = PBXSourcesBuildPhase;
			buildActionMask = 2147483647;
			files = (
				4452357A1BAE9A140075FFDD /* NBCountViewTests.swift in Sources */,
			);
			runOnlyForDeploymentPostprocessing = 0;
		};
		4452357C1BAE9A140075FFDD /* Sources */ = {
			isa = PBXSourcesBuildPhase;
			buildActionMask = 2147483647;
			files = (
				445235851BAE9A140075FFDD /* NBCountViewUITests.swift in Sources */,
			);
			runOnlyForDeploymentPostprocessing = 0;
		};
/* End PBXSourcesBuildPhase section */

/* Begin PBXTargetDependency section */
		445235771BAE9A140075FFDD /* PBXTargetDependency */ = {
			isa = PBXTargetDependency;
			target = 445235601BAE9A140075FFDD /* NBCountView */;
			targetProxy = 445235761BAE9A140075FFDD /* PBXContainerItemProxy */;
		};
		445235821BAE9A140075FFDD /* PBXTargetDependency */ = {
			isa = PBXTargetDependency;
			target = 445235601BAE9A140075FFDD /* NBCountView */;
			targetProxy = 445235811BAE9A140075FFDD /* PBXContainerItemProxy */;
		};
/* End PBXTargetDependency section */

/* Begin PBXVariantGroup section */
		445235681BAE9A140075FFDD /* Main.storyboard */ = {
			isa = PBXVariantGroup;
			children = (
				445235691BAE9A140075FFDD /* Base */,
			);
			name = Main.storyboard;
			sourceTree = "<group>";
		};
		4452356D1BAE9A140075FFDD /* LaunchScreen.storyboard */ = {
			isa = PBXVariantGroup;
			children = (
				4452356E1BAE9A140075FFDD /* Base */,
			);
			name = LaunchScreen.storyboard;
			sourceTree = "<group>";
		};
/* End PBXVariantGroup section */

/* Begin XCBuildConfiguration section */
		445235871BAE9A140075FFDD /* Debug */ = {
			isa = XCBuildConfiguration;
			buildSettings = {
				ALWAYS_SEARCH_USER_PATHS = NO;
				CLANG_CXX_LANGUAGE_STANDARD = "gnu++0x";
				CLANG_CXX_LIBRARY = "libc++";
				CLANG_ENABLE_MODULES = YES;
				CLANG_ENABLE_OBJC_ARC = YES;
				CLANG_WARN_BOOL_CONVERSION = YES;
				CLANG_WARN_CONSTANT_CONVERSION = YES;
				CLANG_WARN_DIRECT_OBJC_ISA_USAGE = YES_ERROR;
				CLANG_WARN_EMPTY_BODY = YES;
				CLANG_WARN_ENUM_CONVERSION = YES;
				CLANG_WARN_INT_CONVERSION = YES;
				CLANG_WARN_OBJC_ROOT_CLASS = YES_ERROR;
				CLANG_WARN_UNREACHABLE_CODE = YES;
				CLANG_WARN__DUPLICATE_METHOD_MATCH = YES;
				"CODE_SIGN_IDENTITY[sdk=iphoneos*]" = "iPhone Developer";
				COPY_PHASE_STRIP = NO;
				DEBUG_INFORMATION_FORMAT = dwarf;
				ENABLE_STRICT_OBJC_MSGSEND = YES;
				ENABLE_TESTABILITY = YES;
				GCC_C_LANGUAGE_STANDARD = gnu99;
				GCC_DYNAMIC_NO_PIC = NO;
				GCC_NO_COMMON_BLOCKS = YES;
				GCC_OPTIMIZATION_LEVEL = 0;
				GCC_PREPROCESSOR_DEFINITIONS = (
					"DEBUG=1",
					"$(inherited)",
				);
				GCC_WARN_64_TO_32_BIT_CONVERSION = YES;
				GCC_WARN_ABOUT_RETURN_TYPE = YES_ERROR;
				GCC_WARN_UNDECLARED_SELECTOR = YES;
				GCC_WARN_UNINITIALIZED_AUTOS = YES_AGGRESSIVE;
				GCC_WARN_UNUSED_FUNCTION = YES;
				GCC_WARN_UNUSED_VARIABLE = YES;
				IPHONEOS_DEPLOYMENT_TARGET = 9.0;
				MTL_ENABLE_DEBUG_INFO = YES;
				ONLY_ACTIVE_ARCH = YES;
				SDKROOT = iphoneos;
				SWIFT_OPTIMIZATION_LEVEL = "-Onone";
			};
			name = Debug;
		};
		445235881BAE9A140075FFDD /* Release */ = {
			isa = XCBuildConfiguration;
			buildSettings = {
				ALWAYS_SEARCH_USER_PATHS = NO;
				CLANG_CXX_LANGUAGE_STANDARD = "gnu++0x";
				CLANG_CXX_LIBRARY = "libc++";
				CLANG_ENABLE_MODULES = YES;
				CLANG_ENABLE_OBJC_ARC = YES;
				CLANG_WARN_BOOL_CONVERSION = YES;
				CLANG_WARN_CONSTANT_CONVERSION = YES;
				CLANG_WARN_DIRECT_OBJC_ISA_USAGE = YES_ERROR;
				CLANG_WARN_EMPTY_BODY = YES;
				CLANG_WARN_ENUM_CONVERSION = YES;
				CLANG_WARN_INT_CONVERSION = YES;
				CLANG_WARN_OBJC_ROOT_CLASS = YES_ERROR;
				CLANG_WARN_UNREACHABLE_CODE = YES;
				CLANG_WARN__DUPLICATE_METHOD_MATCH = YES;
				"CODE_SIGN_IDENTITY[sdk=iphoneos*]" = "iPhone Developer";
				COPY_PHASE_STRIP = NO;
				DEBUG_INFORMATION_FORMAT = "dwarf-with-dsym";
				ENABLE_NS_ASSERTIONS = NO;
				ENABLE_STRICT_OBJC_MSGSEND = YES;
				GCC_C_LANGUAGE_STANDARD = gnu99;
				GCC_NO_COMMON_BLOCKS = YES;
				GCC_WARN_64_TO_32_BIT_CONVERSION = YES;
				GCC_WARN_ABOUT_RETURN_TYPE = YES_ERROR;
				GCC_WARN_UNDECLARED_SELECTOR = YES;
				GCC_WARN_UNINITIALIZED_AUTOS = YES_AGGRESSIVE;
				GCC_WARN_UNUSED_FUNCTION = YES;
				GCC_WARN_UNUSED_VARIABLE = YES;
				IPHONEOS_DEPLOYMENT_TARGET = 9.0;
				MTL_ENABLE_DEBUG_INFO = NO;
				SDKROOT = iphoneos;
				VALIDATE_PRODUCT = YES;
			};
			name = Release;
		};
		4452358A1BAE9A140075FFDD /* Debug */ = {
			isa = XCBuildConfiguration;
			buildSettings = {
				ASSETCATALOG_COMPILER_APPICON_NAME = AppIcon;
				INFOPLIST_FILE = NBCountView/Info.plist;
				LD_RUNPATH_SEARCH_PATHS = "$(inherited) @executable_path/Frameworks";
				PRODUCT_BUNDLE_IDENTIFIER = com.lovely.forever.NBCountView;
				PRODUCT_NAME = "$(TARGET_NAME)";
				SWIFT_VERSION = 3.0;
			};
			name = Debug;
		};
		4452358B1BAE9A140075FFDD /* Release */ = {
			isa = XCBuildConfiguration;
			buildSettings = {
				ASSETCATALOG_COMPILER_APPICON_NAME = AppIcon;
				INFOPLIST_FILE = NBCountView/Info.plist;
				LD_RUNPATH_SEARCH_PATHS = "$(inherited) @executable_path/Frameworks";
				PRODUCT_BUNDLE_IDENTIFIER = com.lovely.forever.NBCountView;
				PRODUCT_NAME = "$(TARGET_NAME)";
				SWIFT_VERSION = 3.0;
			};
			name = Release;
		};
		4452358D1BAE9A140075FFDD /* Debug */ = {
			isa = XCBuildConfiguration;
			buildSettings = {
				BUNDLE_LOADER = "$(TEST_HOST)";
				INFOPLIST_FILE = NBCountViewTests/Info.plist;
				LD_RUNPATH_SEARCH_PATHS = "$(inherited) @executable_path/Frameworks @loader_path/Frameworks";
				PRODUCT_BUNDLE_IDENTIFIER = com.lovely.forever.NBCountViewTests;
				PRODUCT_NAME = "$(TARGET_NAME)";
				SWIFT_VERSION = 3.0;
				TEST_HOST = "$(BUILT_PRODUCTS_DIR)/NBCountView.app/NBCountView";
			};
			name = Debug;
		};
		4452358E1BAE9A140075FFDD /* Release */ = {
			isa = XCBuildConfiguration;
			buildSettings = {
				BUNDLE_LOADER = "$(TEST_HOST)";
				INFOPLIST_FILE = NBCountViewTests/Info.plist;
				LD_RUNPATH_SEARCH_PATHS = "$(inherited) @executable_path/Frameworks @loader_path/Frameworks";
				PRODUCT_BUNDLE_IDENTIFIER = com.lovely.forever.NBCountViewTests;
				PRODUCT_NAME = "$(TARGET_NAME)";
				SWIFT_VERSION = 3.0;
				TEST_HOST = "$(BUILT_PRODUCTS_DIR)/NBCountView.app/NBCountView";
			};
			name = Release;
		};
		445235901BAE9A140075FFDD /* Debug */ = {
			isa = XCBuildConfiguration;
			buildSettings = {
				INFOPLIST_FILE = NBCountViewUITests/Info.plist;
				LD_RUNPATH_SEARCH_PATHS = "$(inherited) @executable_path/Frameworks @loader_path/Frameworks";
				PRODUCT_BUNDLE_IDENTIFIER = com.lovely.forever.NBCountViewUITests;
				PRODUCT_NAME = "$(TARGET_NAME)";
				SWIFT_VERSION = 3.0;
				TEST_TARGET_NAME = NBCountView;
				USES_XCTRUNNER = YES;
			};
			name = Debug;
		};
		445235911BAE9A140075FFDD /* Release */ = {
			isa = XCBuildConfiguration;
			buildSettings = {
				INFOPLIST_FILE = NBCountViewUITests/Info.plist;
				LD_RUNPATH_SEARCH_PATHS = "$(inherited) @executable_path/Frameworks @loader_path/Frameworks";
				PRODUCT_BUNDLE_IDENTIFIER = com.lovely.forever.NBCountViewUITests;
				PRODUCT_NAME = "$(TARGET_NAME)";
				SWIFT_VERSION = 3.0;
				TEST_TARGET_NAME = NBCountView;
				USES_XCTRUNNER = YES;
			};
			name = Release;
		};
/* End XCBuildConfiguration section */

/* Begin XCConfigurationList section */
		4452355C1BAE9A140075FFDD /* Build configuration list for PBXProject "NBCountView" */ = {
			isa = XCConfigurationList;
			buildConfigurations = (
				445235871BAE9A140075FFDD /* Debug */,
				445235881BAE9A140075FFDD /* Release */,
			);
			defaultConfigurationIsVisible = 0;
			defaultConfigurationName = Release;
		};
		445235891BAE9A140075FFDD /* Build configuration list for PBXNativeTarget "NBCountView" */ = {
			isa = XCConfigurationList;
			buildConfigurations = (
				4452358A1BAE9A140075FFDD /* Debug */,
				4452358B1BAE9A140075FFDD /* Release */,
			);
			defaultConfigurationIsVisible = 0;
			defaultConfigurationName = Release;
		};
		4452358C1BAE9A140075FFDD /* Build configuration list for PBXNativeTarget "NBCountViewTests" */ = {
			isa = XCConfigurationList;
			buildConfigurations = (
				4452358D1BAE9A140075FFDD /* Debug */,
				4452358E1BAE9A140075FFDD /* Release */,
			);
			defaultConfigurationIsVisible = 0;
			defaultConfigurationName = Release;
		};
		4452358F1BAE9A140075FFDD /* Build configuration list for PBXNativeTarget "NBCountViewUITests" */ = {
			isa = XCConfigurationList;
			buildConfigurations = (
				445235901BAE9A140075FFDD /* Debug */,
				445235911BAE9A140075FFDD /* Release */,
			);
			defaultConfigurationIsVisible = 0;
			defaultConfigurationName = Release;
		};
/* End XCConfigurationList section */
	};
	rootObject = 445235591BAE9A140075FFDD /* Project object */;
}
